
Microsoft Visual Studio Solution File, Format Version 12.00
# Visual Studio Version 17
VisualStudioVersion = 17.4.33205.214
MinimumVisualStudioVersion = 10.0.40219.1
Project("{FAE04EC0-301F-11D3-BF4B-00C04F79EFBC}") = "Axily", "Axily.csproj", "{BE6585CE-ADB9-47DA-82E7-CE9271AFBC14}"
EndProject
Global
	GlobalSection(SolutionConfigurationPlatforms) = preSolution
		Debug|Any CPU = Debug|Any CPU
		Release|Any CPU = Release|Any CPU
	EndGlobalSection
	GlobalSection(ProjectConfigurationPlatforms) = postSolution
		{BE6585CE-ADB9-47DA-82E7-CE9271AFBC14}.Debug|Any CPU.ActiveCfg = Debug|Any CPU
		{BE6585CE-ADB9-47DA-82E7-CE9271AFBC14}.Debug|Any CPU.Build.0 = Debug|Any CPU
		{BE6585CE-ADB9-47DA-82E7-CE9271AFBC14}.Release|Any CPU.ActiveCfg = Release|Any CPU
		{BE6585CE-ADB9-47DA-82E7-CE9271AFBC14}.Release|Any CPU.Build.0 = Release|Any CPU
	EndGlobalSection
	GlobalSection(SolutionProperties) = preSolution
		HideSolutionNode = FALSE
	EndGlobalSection
	GlobalSection(ExtensibilityGlobals) = postSolution
		SolutionGuid = {4EAE0F88-76A2-47C2-8ABA-1574C22E1BAB}
	EndGlobalSection
EndGlobal
